
Microsoft Visual Studio Solution File, Format Version 12.00
# Visual Studio Version 17
VisualStudioVersion = 17.6.33723.286
MinimumVisualStudioVersion = 10.0.40219.1
Project("{FAE04EC0-301F-11D3-BF4B-00C04F79EFBC}") = "ASSIGN6", "ASSIGN6\ASSIGN6.csproj", "{B6ACC3D8-86F8-4867-BF75-CB71FB59E224}"
EndProject
Global
	GlobalSection(SolutionConfigurationPlatforms) = preSolution
		Debug|Any CPU = Debug|Any CPU
		Release|Any CPU = Release|Any CPU
	EndGlobalSection
	GlobalSection(ProjectConfigurationPlatforms) = postSolution
		{B6ACC3D8-86F8-4867-BF75-CB71FB59E224}.Debug|Any CPU.ActiveCfg = Debug|Any CPU
		{B6ACC3D8-86F8-4867-BF75-CB71FB59E224}.Debug|Any CPU.Build.0 = Debug|Any CPU
		{B6ACC3D8-86F8-4867-BF75-CB71FB59E224}.Release|Any CPU.ActiveCfg = Release|Any CPU
		{B6ACC3D8-86F8-4867-BF75-CB71FB59E224}.Release|Any CPU.Build.0 = Release|Any CPU
	EndGlobalSection
	GlobalSection(SolutionProperties) = preSolution
		HideSolutionNode = FALSE
	EndGlobalSection
	GlobalSection(ExtensibilityGlobals) = postSolution
		SolutionGuid = {62F1B947-FA48-4E2E-AC33-AAA60AA995DF}
	EndGlobalSection
EndGlobal
